
Microsoft Visual Studio Solution File, Format Version 12.00
# Visual Studio Version 16
VisualStudioVersion = 16.0.31205.134
MinimumVisualStudioVersion = 10.0.40219.1
Project("{FAE04EC0-301F-11D3-BF4B-00C04F79EFBC}") = "LC1-two-sum", "LC1-two-sum\LC1-two-sum.csproj", "{F4E18B66-6039-47EA-A0CE-104605103136}"
EndProject
Project("{FAE04EC0-301F-11D3-BF4B-00C04F79EFBC}") = "LC771-jewels-and-stones", "LC771-jewels-and-stones\LC771-jewels-and-stones.csproj", "{B0A63EEE-C5DA-4819-A30A-BBC3D258FB41}"
EndProject
Project("{FAE04EC0-301F-11D3-BF4B-00C04F79EFBC}") = "LC42-trapping-rain-water", "LC42-trapping-rain-water\LC42-trapping-rain-water.csproj", "{D2025BB1-6302-4CEA-B73B-5097E47CD6C5}"
EndProject
Global
	GlobalSection(SolutionConfigurationPlatforms) = preSolution
		Debug|Any CPU = Debug|Any CPU
		Release|Any CPU = Release|Any CPU
	EndGlobalSection
	GlobalSection(ProjectConfigurationPlatforms) = postSolution
		{F4E18B66-6039-47EA-A0CE-104605103136}.Debug|Any CPU.ActiveCfg = Debug|Any CPU
		{F4E18B66-6039-47EA-A0CE-104605103136}.Debug|Any CPU.Build.0 = Debug|Any CPU
		{F4E18B66-6039-47EA-A0CE-104605103136}.Release|Any CPU.ActiveCfg = Release|Any CPU
		{F4E18B66-6039-47EA-A0CE-104605103136}.Release|Any CPU.Build.0 = Release|Any CPU
		{B0A63EEE-C5DA-4819-A30A-BBC3D258FB41}.Debug|Any CPU.ActiveCfg = Debug|Any CPU
		{B0A63EEE-C5DA-4819-A30A-BBC3D258FB41}.Debug|Any CPU.Build.0 = Debug|Any CPU
		{B0A63EEE-C5DA-4819-A30A-BBC3D258FB41}.Release|Any CPU.ActiveCfg = Release|Any CPU
		{B0A63EEE-C5DA-4819-A30A-BBC3D258FB41}.Release|Any CPU.Build.0 = Release|Any CPU
		{D2025BB1-6302-4CEA-B73B-5097E47CD6C5}.Debug|Any CPU.ActiveCfg = Debug|Any CPU
		{D2025BB1-6302-4CEA-B73B-5097E47CD6C5}.Debug|Any CPU.Build.0 = Debug|Any CPU
		{D2025BB1-6302-4CEA-B73B-5097E47CD6C5}.Release|Any CPU.ActiveCfg = Release|Any CPU
		{D2025BB1-6302-4CEA-B73B-5097E47CD6C5}.Release|Any CPU.Build.0 = Release|Any CPU
	EndGlobalSection
	GlobalSection(SolutionProperties) = preSolution
		HideSolutionNode = FALSE
	EndGlobalSection
	GlobalSection(ExtensibilityGlobals) = postSolution
		SolutionGuid = {377B50B4-C861-4B06-9272-91F293B6ED40}
	EndGlobalSection
EndGlobal
